
Microsoft Visual Studio Solution File, Format Version 12.00
# Visual Studio 15
VisualStudioVersion = 15.0.26403.3
MinimumVisualStudioVersion = 10.0.40219.1
Project("{FAE04EC0-301F-11D3-BF4B-00C04F79EFBC}") = "SklepInternetowy", "SklepInternetowy\SklepInternetowy.csproj", "{91EF4C9E-7A63-4D02-9A00-CD8994E7765F}"
EndProject
Project("{FAE04EC0-301F-11D3-BF4B-00C04F79EFBC}") = "SklepInternetowy.Tests", "SklepInternetowy.Tests\SklepInternetowy.Tests.csproj", "{1C5C4582-4039-4CAF-8AE9-2207C6D424C1}"
EndProject
Global
	GlobalSection(SolutionConfigurationPlatforms) = preSolution
		Debug|Any CPU = Debug|Any CPU
		Release|Any CPU = Release|Any CPU
	EndGlobalSection
	GlobalSection(ProjectConfigurationPlatforms) = postSolution
		{91EF4C9E-7A63-4D02-9A00-CD8994E7765F}.Debug|Any CPU.ActiveCfg = Debug|Any CPU
		{91EF4C9E-7A63-4D02-9A00-CD8994E7765F}.Debug|Any CPU.Build.0 = Debug|Any CPU
		{91EF4C9E-7A63-4D02-9A00-CD8994E7765F}.Release|Any CPU.ActiveCfg = Release|Any CPU
		{91EF4C9E-7A63-4D02-9A00-CD8994E7765F}.Release|Any CPU.Build.0 = Release|Any CPU
		{1C5C4582-4039-4CAF-8AE9-2207C6D424C1}.Debug|Any CPU.ActiveCfg = Debug|Any CPU
		{1C5C4582-4039-4CAF-8AE9-2207C6D424C1}.Debug|Any CPU.Build.0 = Debug|Any CPU
		{1C5C4582-4039-4CAF-8AE9-2207C6D424C1}.Release|Any CPU.ActiveCfg = Release|Any CPU
		{1C5C4582-4039-4CAF-8AE9-2207C6D424C1}.Release|Any CPU.Build.0 = Release|Any CPU
	EndGlobalSection
	GlobalSection(SolutionProperties) = preSolution
		HideSolutionNode = FALSE
	EndGlobalSection
EndGlobal
